PODS:
  - AsyncDisplayKit (1.0):
    - AsyncDisplayKit/ASDealloc2MainObject (= 1.0)
  - AsyncDisplayKit/ASDealloc2MainObject (1.0)

DEPENDENCIES:
  - AsyncDisplayKit (from `https://github.com/facebook/AsyncDisplayKit.git`)

EXTERNAL SOURCES:
  AsyncDisplayKit:
    :git: https://github.com/facebook/AsyncDisplayKit.git

SPEC CHECKSUMS:
  AsyncDisplayKit: 6c6ec209e5e414b2cc17d6f6ee147c4efdc80cd3

COCOAPODS: 0.37.2
